
Microsoft Visual Studio Solution File, Format Version 12.00
Project("{FAE04EC0-301F-11D3-BF4B-00C04F79EFBC}") = "samplemvcapp", "samplemvcapp\samplemvcapp.csproj", "{3127D88C-6161-4719-9D57-85A4906AAFBE}"
EndProject
Global
	GlobalSection(SolutionConfigurationPlatforms) = preSolution
		Debug|Any CPU = Debug|Any CPU
		Release|Any CPU = Release|Any CPU
	EndGlobalSection
	GlobalSection(ProjectConfigurationPlatforms) = postSolution
		{3127D88C-6161-4719-9D57-85A4906AAFBE}.Debug|Any CPU.ActiveCfg = Debug|Any CPU
		{3127D88C-6161-4719-9D57-85A4906AAFBE}.Debug|Any CPU.Build.0 = Debug|Any CPU
		{3127D88C-6161-4719-9D57-85A4906AAFBE}.Release|Any CPU.ActiveCfg = Release|Any CPU
		{3127D88C-6161-4719-9D57-85A4906AAFBE}.Release|Any CPU.Build.0 = Release|Any CPU
	EndGlobalSection
EndGlobal
